
Microsoft Visual Studio Solution File, Format Version 12.00
# Visual Studio Version 16
VisualStudioVersion = 16.0.30204.135
MinimumVisualStudioVersion = 10.0.40219.1
Project("{8BC9CEB8-8B4A-11D0-8D11-00A0C91BC942}") = "ECS", "ECS\ECS.vcxproj", "{CF6A09C8-841D-477F-9E81-6ECBBCF38488}"
EndProject
Project("{8BC9CEB8-8B4A-11D0-8D11-00A0C91BC942}") = "Math", "Math\Math.vcxproj", "{794B814C-F2C6-4DF0-A047-E9989B2CDF5D}"
EndProject
Project("{8BC9CEB8-8B4A-11D0-8D11-00A0C91BC942}") = "Graphics", "Graphics\Graphics.vcxproj", "{AB798967-B2D9-4F7F-93D6-F377AA282E8D}"
EndProject
Project("{8BC9CEB8-8B4A-11D0-8D11-00A0C91BC942}") = "GraphicsTest", "GraphicsTest\GraphicsTest.vcxproj", "{7DE0669A-B574-4581-8F61-A6F2FA6DF253}"
EndProject
Project("{8BC9CEB8-8B4A-11D0-8D11-00A0C91BC942}") = "MathTest", "MathTest\MathTest.vcxproj", "{52671085-E2E9-45F8-866B-0EC86A503CDE}"
EndProject
Project("{8BC9CEB8-8B4A-11D0-8D11-00A0C91BC942}") = "DemoGame", "DemoGame\DemoGame.vcxproj", "{FC388777-2E2B-4976-815A-C955EEF63EAE}"
EndProject
Project("{8BC9CEB8-8B4A-11D0-8D11-00A0C91BC942}") = "System_Render", "System_Render\System_Render.vcxproj", "{CA6A8612-C619-45C2-B91F-0135F0BB2976}"
EndProject
Global
	GlobalSection(SolutionConfigurationPlatforms) = preSolution
		Debug|x64 = Debug|x64
		Debug|x86 = Debug|x86
		Release|x64 = Release|x64
		Release|x86 = Release|x86
	EndGlobalSection
	GlobalSection(ProjectConfigurationPlatforms) = postSolution
		{CF6A09C8-841D-477F-9E81-6ECBBCF38488}.Debug|x64.ActiveCfg = Debug|x64
		{CF6A09C8-841D-477F-9E81-6ECBBCF38488}.Debug|x64.Build.0 = Debug|x64
		{CF6A09C8-841D-477F-9E81-6ECBBCF38488}.Debug|x86.ActiveCfg = Debug|Win32
		{CF6A09C8-841D-477F-9E81-6ECBBCF38488}.Debug|x86.Build.0 = Debug|Win32
		{CF6A09C8-841D-477F-9E81-6ECBBCF38488}.Release|x64.ActiveCfg = Release|x64
		{CF6A09C8-841D-477F-9E81-6ECBBCF38488}.Release|x64.Build.0 = Release|x64
		{CF6A09C8-841D-477F-9E81-6ECBBCF38488}.Release|x86.ActiveCfg = Release|Win32
		{CF6A09C8-841D-477F-9E81-6ECBBCF38488}.Release|x86.Build.0 = Release|Win32
		{794B814C-F2C6-4DF0-A047-E9989B2CDF5D}.Debug|x64.ActiveCfg = Debug|x64
		{794B814C-F2C6-4DF0-A047-E9989B2CDF5D}.Debug|x64.Build.0 = Debug|x64
		{794B814C-F2C6-4DF0-A047-E9989B2CDF5D}.Debug|x86.ActiveCfg = Debug|Win32
		{794B814C-F2C6-4DF0-A047-E9989B2CDF5D}.Debug|x86.Build.0 = Debug|Win32
		{794B814C-F2C6-4DF0-A047-E9989B2CDF5D}.Release|x64.ActiveCfg = Release|x64
		{794B814C-F2C6-4DF0-A047-E9989B2CDF5D}.Release|x64.Build.0 = Release|x64
		{794B814C-F2C6-4DF0-A047-E9989B2CDF5D}.Release|x86.ActiveCfg = Release|Win32
		{794B814C-F2C6-4DF0-A047-E9989B2CDF5D}.Release|x86.Build.0 = Release|Win32
		{AB798967-B2D9-4F7F-93D6-F377AA282E8D}.Debug|x64.ActiveCfg = Debug|x64
		{AB798967-B2D9-4F7F-93D6-F377AA282E8D}.Debug|x64.Build.0 = Debug|x64
		{AB798967-B2D9-4F7F-93D6-F377AA282E8D}.Debug|x86.ActiveCfg = Debug|Win32
		{AB798967-B2D9-4F7F-93D6-F377AA282E8D}.Debug|x86.Build.0 = Debug|Win32
		{AB798967-B2D9-4F7F-93D6-F377AA282E8D}.Release|x64.ActiveCfg = Release|x64
		{AB798967-B2D9-4F7F-93D6-F377AA282E8D}.Release|x64.Build.0 = Release|x64
		{AB798967-B2D9-4F7F-93D6-F377AA282E8D}.Release|x86.ActiveCfg = Release|Win32
		{AB798967-B2D9-4F7F-93D6-F377AA282E8D}.Release|x86.Build.0 = Release|Win32
		{7DE0669A-B574-4581-8F61-A6F2FA6DF253}.Debug|x64.ActiveCfg = Debug|x64
		{7DE0669A-B574-4581-8F61-A6F2FA6DF253}.Debug|x64.Build.0 = Debug|x64
		{7DE0669A-B574-4581-8F61-A6F2FA6DF253}.Debug|x86.ActiveCfg = Debug|Win32
		{7DE0669A-B574-4581-8F61-A6F2FA6DF253}.Debug|x86.Build.0 = Debug|Win32
		{7DE0669A-B574-4581-8F61-A6F2FA6DF253}.Release|x64.ActiveCfg = Release|x64
		{7DE0669A-B574-4581-8F61-A6F2FA6DF253}.Release|x64.Build.0 = Release|x64
		{7DE0669A-B574-4581-8F61-A6F2FA6DF253}.Release|x86.ActiveCfg = Release|Win32
		{7DE0669A-B574-4581-8F61-A6F2FA6DF253}.Release|x86.Build.0 = Release|Win32
		{52671085-E2E9-45F8-866B-0EC86A503CDE}.Debug|x64.ActiveCfg = Debug|x64
		{52671085-E2E9-45F8-866B-0EC86A503CDE}.Debug|x64.Build.0 = Debug|x64
		{52671085-E2E9-45F8-866B-0EC86A503CDE}.Debug|x86.ActiveCfg = Debug|Win32
		{52671085-E2E9-45F8-866B-0EC86A503CDE}.Debug|x86.Build.0 = Debug|Win32
		{52671085-E2E9-45F8-866B-0EC86A503CDE}.Release|x64.ActiveCfg = Release|x64
		{52671085-E2E9-45F8-866B-0EC86A503CDE}.Release|x64.Build.0 = Release|x64
		{52671085-E2E9-45F8-866B-0EC86A503CDE}.Release|x86.ActiveCfg = Release|Win32
		{52671085-E2E9-45F8-866B-0EC86A503CDE}.Release|x86.Build.0 = Release|Win32
		{FC388777-2E2B-4976-815A-C955EEF63EAE}.Debug|x64.ActiveCfg = Debug|x64
		{FC388777-2E2B-4976-815A-C955EEF63EAE}.Debug|x64.Build.0 = Debug|x64
		{FC388777-2E2B-4976-815A-C955EEF63EAE}.Debug|x86.ActiveCfg = Debug|Win32
		{FC388777-2E2B-4976-815A-C955EEF63EAE}.Debug|x86.Build.0 = Debug|Win32
		{FC388777-2E2B-4976-815A-C955EEF63EAE}.Release|x64.ActiveCfg = Release|x64
		{FC388777-2E2B-4976-815A-C955EEF63EAE}.Release|x64.Build.0 = Release|x64
		{FC388777-2E2B-4976-815A-C955EEF63EAE}.Release|x86.ActiveCfg = Release|Win32
		{FC388777-2E2B-4976-815A-C955EEF63EAE}.Release|x86.Build.0 = Release|Win32
		{CA6A8612-C619-45C2-B91F-0135F0BB2976}.Debug|x64.ActiveCfg = Debug|x64
		{CA6A8612-C619-45C2-B91F-0135F0BB2976}.Debug|x64.Build.0 = Debug|x64
		{CA6A8612-C619-45C2-B91F-0135F0BB2976}.Debug|x86.ActiveCfg = Debug|Win32
		{CA6A8612-C619-45C2-B91F-0135F0BB2976}.Debug|x86.Build.0 = Debug|Win32
		{CA6A8612-C619-45C2-B91F-0135F0BB2976}.Release|x64.ActiveCfg = Release|x64
		{CA6A8612-C619-45C2-B91F-0135F0BB2976}.Release|x64.Build.0 = Release|x64
		{CA6A8612-C619-45C2-B91F-0135F0BB2976}.Release|x86.ActiveCfg = Release|Win32
		{CA6A8612-C619-45C2-B91F-0135F0BB2976}.Release|x86.Build.0 = Release|Win32
	EndGlobalSection
	GlobalSection(SolutionProperties) = preSolution
		HideSolutionNode = FALSE
	EndGlobalSection
	GlobalSection(ExtensibilityGlobals) = postSolution
		SolutionGuid = {DB99AA1E-6C5C-4933-AD3B-25DA84085335}
	EndGlobalSection
EndGlobal
