<?xml version="1.0" encoding="utf-8"?>
<Project ToolsVersion="4.0" xmlns="http://schemas.microsoft.com/developer/msbuild/2003">
  <ItemGroup>
    <ClInclude Include="Core\ComponentArray.hpp" />
    <ClInclude Include="Core\ComponentManager.hpp" />
    <ClInclude Include="Core\Coordinator.hpp" />
    <ClInclude Include="Core\EntityManager.hpp" />
    <ClInclude Include="Core\System.hpp" />
    <ClInclude Include="Core\SystemManager.hpp" />
    <ClInclude Include="Core\Types.hpp" />
  </ItemGroup>
</Project>